
Microsoft Visual Studio Solution File, Format Version 12.00
# Visual Studio Version 16
VisualStudioVersion = 16.0.31911.196
MinimumVisualStudioVersion = 10.0.40219.1
Project("{FAE04EC0-301F-11D3-BF4B-00C04F79EFBC}") = "Project_3", "Project_3\Project_3.csproj", "{39F8F342-4346-426A-AFA1-18E3552C96BE}"
EndProject
Global
	GlobalSection(SolutionConfigurationPlatforms) = preSolution
		Debug|Any CPU = Debug|Any CPU
		Release|Any CPU = Release|Any CPU
	EndGlobalSection
	GlobalSection(ProjectConfigurationPlatforms) = postSolution
		{39F8F342-4346-426A-AFA1-18E3552C96BE}.Debug|Any CPU.ActiveCfg = Debug|Any CPU
		{39F8F342-4346-426A-AFA1-18E3552C96BE}.Debug|Any CPU.Build.0 = Debug|Any CPU
		{39F8F342-4346-426A-AFA1-18E3552C96BE}.Release|Any CPU.ActiveCfg = Release|Any CPU
		{39F8F342-4346-426A-AFA1-18E3552C96BE}.Release|Any CPU.Build.0 = Release|Any CPU
	EndGlobalSection
	GlobalSection(SolutionProperties) = preSolution
		HideSolutionNode = FALSE
	EndGlobalSection
	GlobalSection(ExtensibilityGlobals) = postSolution
		SolutionGuid = {F173FB98-1026-43B6-B26D-BF035C3CE44F}
	EndGlobalSection
EndGlobal
